
Microsoft Visual Studio Solution File, Format Version 12.00
# Visual Studio Version 16
VisualStudioVersion = 16.0.29926.136
MinimumVisualStudioVersion = 10.0.40219.1
Project("{8BC9CEB8-8B4A-11D0-8D11-00A0C91BC942}") = "[PPVIS] Lab2", "[PPVIS] Lab2.vcxproj", "{9FC93025-C134-4E28-BF28-42CCE9D8E4AF}"
EndProject
Global
	GlobalSection(SolutionConfigurationPlatforms) = preSolution
		Debug|x64 = Debug|x64
		Debug|x86 = Debug|x86
		Release|x64 = Release|x64
		Release|x86 = Release|x86
	EndGlobalSection
	GlobalSection(ProjectConfigurationPlatforms) = postSolution
		{9FC93025-C134-4E28-BF28-42CCE9D8E4AF}.Debug|x64.ActiveCfg = Debug|x64
		{9FC93025-C134-4E28-BF28-42CCE9D8E4AF}.Debug|x64.Build.0 = Debug|x64
		{9FC93025-C134-4E28-BF28-42CCE9D8E4AF}.Debug|x86.ActiveCfg = Debug|Win32
		{9FC93025-C134-4E28-BF28-42CCE9D8E4AF}.Debug|x86.Build.0 = Debug|Win32
		{9FC93025-C134-4E28-BF28-42CCE9D8E4AF}.Release|x64.ActiveCfg = Release|x64
		{9FC93025-C134-4E28-BF28-42CCE9D8E4AF}.Release|x64.Build.0 = Release|x64
		{9FC93025-C134-4E28-BF28-42CCE9D8E4AF}.Release|x86.ActiveCfg = Release|Win32
		{9FC93025-C134-4E28-BF28-42CCE9D8E4AF}.Release|x86.Build.0 = Release|Win32
	EndGlobalSection
	GlobalSection(SolutionProperties) = preSolution
		HideSolutionNode = FALSE
	EndGlobalSection
	GlobalSection(ExtensibilityGlobals) = postSolution
		SolutionGuid = {F4397D22-5907-4F98-B06E-A1A188378D51}
	EndGlobalSection
EndGlobal
